lockfileVersion: '6.0'

settings:
  autoInstallPeers: true
  excludeLinksFromLockfile: false

dependencies:
  ckeditor5:
    specifier: ^42.0.2
    version: 42.0.2
  lodash:
    specifier: ^4.17.21
    version: 4.17.21

devDependencies:
  '@popperjs/core':
    specifier: ^2.11.8
    version: 2.11.8
  axios:
    specifier: ^1.7.5
    version: 1.7.5
  bootstrap:
    specifier: ^5.3.3
    version: 5.3.3(@popperjs/core@2.11.8)
  laravel-vite-plugin:
    specifier: ^1.0.5
    version: 1.0.5(vite@5.4.2)
  sass:
    specifier: ^1.77.8
    version: 1.77.8
  vite:
    specifier: ^5.4.2
    version: 5.4.2(sass@1.77.8)

packages:

  /@ckeditor/ckeditor5-adapter-ckfinder@42.0.2:
    resolution: {integrity: sha512-nX624WYyyJh6BGGy7jNOlEyf+Kv95VWHKlqn39HLTLKlONBp3zBhAtN9rd0gqU5EM6FgPQ+RjOtQinuto0B6oQ==}
    dependencies:
      '@ckeditor/ckeditor5-core': 42.0.2
      '@ckeditor/ckeditor5-upload': 42.0.2
      ckeditor5: 42.0.2
    dev: false

  /@ckeditor/ckeditor5-alignment@42.0.2:
    resolution: {integrity: sha512-g6I0f5Ko7tckHrKYyZhNQL3dGHTcMbjypIfEkk3SAv68X4bDKLImVUJ1L6y0aZnGNoI40cMr0byEyln5rOq67Q==}
    dependencies:
      '@ckeditor/ckeditor5-core': 42.0.2
      '@ckeditor/ckeditor5-ui': 42.0.2
      '@ckeditor/ckeditor5-utils': 42.0.2
      ckeditor5: 42.0.2
    dev: false

  /@ckeditor/ckeditor5-autoformat@42.0.2:
    resolution: {integrity: sha512-tnMdNc8VJ4y4wqbkSAbBGRiUukByOo1nBqyvzYS+SZ2Wzo67OmzKybvqz60PFYIbPAQJa0/uFkvgd55c+VTaqg==}
    dependencies:
      '@ckeditor/ckeditor5-core': 42.0.2
      '@ckeditor/ckeditor5-engine': 42.0.2
      '@ckeditor/ckeditor5-typing': 42.0.2
      '@ckeditor/ckeditor5-utils': 42.0.2
      ckeditor5: 42.0.2
    dev: false

  /@ckeditor/ckeditor5-autosave@42.0.2:
    resolution: {integrity: sha512-QIsftrJ6LjJrmUTDfJYpBKy9DJ79ltt2pMHtb8DhoyugGZUup40pFvMrt/4/UuQRm64jS/IjhwWXkSMg4PejJw==}
    dependencies:
      '@ckeditor/ckeditor5-core': 42.0.2
      '@ckeditor/ckeditor5-utils': 42.0.2
      ckeditor5: 42.0.2
      lodash-es: 4.17.21
    dev: false

  /@ckeditor/ckeditor5-basic-styles@42.0.2:
    resolution: {integrity: sha512-LT0Kk1K30z/YhI48QBDa69tjU1G2ljSKi5pU5pfiSBLhMl1ShLmXIAy6cEHnijHS0mte8FGwhiGXmNB/jAZ7Iw==}
    dependencies:
      '@ckeditor/ckeditor5-core': 42.0.2
      '@ckeditor/ckeditor5-typing': 42.0.2
      '@ckeditor/ckeditor5-ui': 42.0.2
      ckeditor5: 42.0.2
    dev: false

  /@ckeditor/ckeditor5-block-quote@42.0.2:
    resolution: {integrity: sha512-xfX+tdAhn7WPHNNZR5Wkjl+OnmbNlEOVVZCL2iAjfswf4r3CglLnJOa529FO+4MyNcwkP+joQ3iVBclZNbETLw==}
    dependencies:
      '@ckeditor/ckeditor5-core': 42.0.2
      '@ckeditor/ckeditor5-enter': 42.0.2
      '@ckeditor/ckeditor5-typing': 42.0.2
      '@ckeditor/ckeditor5-ui': 42.0.2
      '@ckeditor/ckeditor5-utils': 42.0.2
      ckeditor5: 42.0.2
    dev: false

  /@ckeditor/ckeditor5-ckbox@42.0.2:
    resolution: {integrity: sha512-RvCUphlhrTuGBy78kEOFJvdvmP3o7ajibubOOpVfUMz1V8BbTmmx1+XaveCDxznkwiCLUwqZplWZnpPoEABj2w==}
    dependencies:
      '@ckeditor/ckeditor5-core': 42.0.2
      '@ckeditor/ckeditor5-engine': 42.0.2
      '@ckeditor/ckeditor5-ui': 42.0.2
      '@ckeditor/ckeditor5-upload': 42.0.2
      '@ckeditor/ckeditor5-utils': 42.0.2
      blurhash: 2.0.5
      ckeditor5: 42.0.2
      lodash-es: 4.17.21
    dev: false

  /@ckeditor/ckeditor5-ckfinder@42.0.2:
    resolution: {integrity: sha512-3lkMF+9Z3R1OUfwZJdORlRDgPSyR9Be57zgizpevpKTenxrZ+UU33ib/kvK8LXVDOzz3qp7UyCucLfY1KNXCzA==}
    dependencies:
      '@ckeditor/ckeditor5-core': 42.0.2
      '@ckeditor/ckeditor5-ui': 42.0.2
      '@ckeditor/ckeditor5-utils': 42.0.2
      ckeditor5: 42.0.2
    dev: false

  /@ckeditor/ckeditor5-clipboard@42.0.2:
    resolution: {integrity: sha512-x76SjAhaguwVQtJSgz62q96RsJsw0eSM7ZnuUqLjMMzO+hq2hAj7ZIJNPcA46ZyDR6LDQzH760IumSz0xlHn9w==}
    dependencies:
      '@ckeditor/ckeditor5-core': 42.0.2
      '@ckeditor/ckeditor5-engine': 42.0.2
      '@ckeditor/ckeditor5-ui': 42.0.2
      '@ckeditor/ckeditor5-utils': 42.0.2
      '@ckeditor/ckeditor5-widget': 42.0.2
      lodash-es: 4.17.21
    dev: false

  /@ckeditor/ckeditor5-cloud-services@42.0.2:
    resolution: {integrity: sha512-oNdtgD/suEh5nAndXsjik8HgRDk095EGxkmrMO+Z3gbOit28fvTDL6bbUOQvenoNNWa7RXLZMbfyiTMuNH+X8Q==}
    dependencies:
      '@ckeditor/ckeditor5-core': 42.0.2
      '@ckeditor/ckeditor5-utils': 42.0.2
      ckeditor5: 42.0.2
    dev: false

  /@ckeditor/ckeditor5-code-block@42.0.2:
    resolution: {integrity: sha512-NFGn+350VS6/UNhHm9CurOLm3ZiXFUCO/SgKRILPKZ82Wh2GQqocs5O3yvvo1WQ9jA2DEwjfN0TgOpwgVOZQPQ==}
    dependencies:
      '@ckeditor/ckeditor5-core': 42.0.2
      '@ckeditor/ckeditor5-engine': 42.0.2
      '@ckeditor/ckeditor5-enter': 42.0.2
      '@ckeditor/ckeditor5-ui': 42.0.2
      '@ckeditor/ckeditor5-utils': 42.0.2
      ckeditor5: 42.0.2
      lodash-es: 4.17.21
    dev: false

  /@ckeditor/ckeditor5-core@42.0.2:
    resolution: {integrity: sha512-LkNx1Qpk/gwh0wYkl4FdZfi1N2G5Gmp026sVp301boyE9sSVeR3YxcSdKXfsr2HII+7EdJHxMswTvnd/L+IdSg==}
    dependencies:
      '@ckeditor/ckeditor5-engine': 42.0.2
      '@ckeditor/ckeditor5-utils': 42.0.2
      '@ckeditor/ckeditor5-watchdog': 42.0.2
      lodash-es: 4.17.21
    dev: false

  /@ckeditor/ckeditor5-easy-image@42.0.2:
    resolution: {integrity: sha512-JYVpX6lRVRve8roROx5y6nsixLXLuVwIokBLoo+usS313xeeZvjoLrxGTeRuyyVbK3BFPE+zqyXsgqGs1Q0stg==}
    dependencies:
      '@ckeditor/ckeditor5-core': 42.0.2
      '@ckeditor/ckeditor5-upload': 42.0.2
      '@ckeditor/ckeditor5-utils': 42.0.2
      ckeditor5: 42.0.2
    dev: false

  /@ckeditor/ckeditor5-editor-balloon@42.0.2:
    resolution: {integrity: sha512-NXTVQ3aBW8OirKgv8PJvjSDDbl39JGlnS/W+/LRwUlOgHVVWHVSMMqY52AhP90TzP6xfbFYBYX8n13EB6o/4Bw==}
    dependencies:
      '@ckeditor/ckeditor5-core': 42.0.2
      '@ckeditor/ckeditor5-engine': 42.0.2
      '@ckeditor/ckeditor5-ui': 42.0.2
      '@ckeditor/ckeditor5-utils': 42.0.2
      ckeditor5: 42.0.2
      lodash-es: 4.17.21
    dev: false

  /@ckeditor/ckeditor5-editor-classic@42.0.2:
    resolution: {integrity: sha512-K9+154AP/OpxDn6702772QCiT830lAQXsiUty1Z35MM3hVS5quwkuxS6V0NjKxx0AcqUmmgdXoFxx6v4mj3R7g==}
    dependencies:
      '@ckeditor/ckeditor5-core': 42.0.2
      '@ckeditor/ckeditor5-engine': 42.0.2
      '@ckeditor/ckeditor5-ui': 42.0.2
      '@ckeditor/ckeditor5-utils': 42.0.2
      ckeditor5: 42.0.2
      lodash-es: 4.17.21
    dev: false

  /@ckeditor/ckeditor5-editor-decoupled@42.0.2:
    resolution: {integrity: sha512-ANhlpcZXV+nZl/f9o+wS5vqc+Va5K4LnYA0F/pJNTNlighVCa1nGQX11tRGm48vItpNlgQxty+p86NHa+7YrLw==}
    dependencies:
      '@ckeditor/ckeditor5-core': 42.0.2
      '@ckeditor/ckeditor5-engine': 42.0.2
      '@ckeditor/ckeditor5-ui': 42.0.2
      '@ckeditor/ckeditor5-utils': 42.0.2
      ckeditor5: 42.0.2
      lodash-es: 4.17.21
    dev: false

  /@ckeditor/ckeditor5-editor-inline@42.0.2:
    resolution: {integrity: sha512-gWngpGE/6JDCyKpKTX7iIgFaxrDPzocZt56p1JmBJCNpVQb4sGoZs94uUg7rxlVo8t3PDH+foL49gSdBKYS9uw==}
    dependencies:
      '@ckeditor/ckeditor5-core': 42.0.2
      '@ckeditor/ckeditor5-engine': 42.0.2
      '@ckeditor/ckeditor5-ui': 42.0.2
      '@ckeditor/ckeditor5-utils': 42.0.2
      ckeditor5: 42.0.2
      lodash-es: 4.17.21
    dev: false

  /@ckeditor/ckeditor5-editor-multi-root@42.0.2:
    resolution: {integrity: sha512-1Cv4WGB75KoWZWewCOnHP4s4HGFXKt3BajvDkN8LXS6CtaIPDkH18okY/ivH/Idhu1pT9k2bjzCfR7W4EhtRJg==}
    dependencies:
      '@ckeditor/ckeditor5-core': 42.0.2
      '@ckeditor/ckeditor5-engine': 42.0.2
      '@ckeditor/ckeditor5-ui': 42.0.2
      '@ckeditor/ckeditor5-utils': 42.0.2
      ckeditor5: 42.0.2
      lodash-es: 4.17.21
    dev: false

  /@ckeditor/ckeditor5-engine@42.0.2:
    resolution: {integrity: sha512-mI4+X6Z0ihnyAKzka5RjoUgZoaRDckMniN8LLYNum3ewz+KWIVjtHn6NBrqEqw24BpwYfSVEPL/NdgA6xl93Jw==}
    dependencies:
      '@ckeditor/ckeditor5-utils': 42.0.2
      lodash-es: 4.17.21
    dev: false

  /@ckeditor/ckeditor5-enter@42.0.2:
    resolution: {integrity: sha512-pzVXQPdBgskiqVpCG/yxliuEXPECCI3GJ/OF5wXs2GQ04IcqBz5FsazUtSLS5nnA4e3YpcdzzEC0Kn1ASdl7QQ==}
    dependencies:
      '@ckeditor/ckeditor5-core': 42.0.2
      '@ckeditor/ckeditor5-engine': 42.0.2
      '@ckeditor/ckeditor5-utils': 42.0.2
    dev: false

  /@ckeditor/ckeditor5-essentials@42.0.2:
    resolution: {integrity: sha512-4qhW/7zm69KHnotKEs05YB6YTD6WB6QWJ6U44V6dFGJUUUmYN1fOt9ri6lU8snUVhJrU0C9IuGpVkb8Aby79GQ==}
    dependencies:
      '@ckeditor/ckeditor5-clipboard': 42.0.2
      '@ckeditor/ckeditor5-core': 42.0.2
      '@ckeditor/ckeditor5-enter': 42.0.2
      '@ckeditor/ckeditor5-select-all': 42.0.2
      '@ckeditor/ckeditor5-typing': 42.0.2
      '@ckeditor/ckeditor5-ui': 42.0.2
      '@ckeditor/ckeditor5-undo': 42.0.2
      ckeditor5: 42.0.2
    dev: false

  /@ckeditor/ckeditor5-find-and-replace@42.0.2:
    resolution: {integrity: sha512-9Fc5nKUhDtivHxGoY5nEvwjqUyvMwcNs1Xo6nt9aXeG0gd4mrCdUQaQfRIlcycLmeVD1MgKfWh7sOv+EtuYFRA==}
    dependencies:
      '@ckeditor/ckeditor5-core': 42.0.2
      '@ckeditor/ckeditor5-ui': 42.0.2
      '@ckeditor/ckeditor5-utils': 42.0.2
      ckeditor5: 42.0.2
      lodash-es: 4.17.21
    dev: false

  /@ckeditor/ckeditor5-font@42.0.2:
    resolution: {integrity: sha512-Soj1auf82Zz6y56qKf6nV6RSjNPENZm9vpkJ9jhyQ4pMh6YvQ7EkzbOwPCoskXm+ab8EAuH+bjS0n5lewN5i7Q==}
    dependencies:
      '@ckeditor/ckeditor5-core': 42.0.2
      '@ckeditor/ckeditor5-engine': 42.0.2
      '@ckeditor/ckeditor5-ui': 42.0.2
      '@ckeditor/ckeditor5-utils': 42.0.2
      ckeditor5: 42.0.2
    dev: false

  /@ckeditor/ckeditor5-heading@42.0.2:
    resolution: {integrity: sha512-1lwxsxzJRikSerwhH1By9FlAO2EQhcrt3xnpxBFME3pS2Y6tbkHj81W5Lu2cf+0ew5Bzcp5uqTvaArRtVssY1A==}
    dependencies:
      '@ckeditor/ckeditor5-core': 42.0.2
      '@ckeditor/ckeditor5-engine': 42.0.2
      '@ckeditor/ckeditor5-paragraph': 42.0.2
      '@ckeditor/ckeditor5-ui': 42.0.2
      '@ckeditor/ckeditor5-utils': 42.0.2
      ckeditor5: 42.0.2
    dev: false

  /@ckeditor/ckeditor5-highlight@42.0.2:
    resolution: {integrity: sha512-I/qVqC1YS6Hfg1dZjP665NU2fIx5Dk4Rjq2ku7yxQrsmG+rle2xrEzXF1BsaBeK6ko+fX7JaP86dTvywnnOeaw==}
    dependencies:
      '@ckeditor/ckeditor5-core': 42.0.2
      '@ckeditor/ckeditor5-ui': 42.0.2
      ckeditor5: 42.0.2
    dev: false

  /@ckeditor/ckeditor5-horizontal-line@42.0.2:
    resolution: {integrity: sha512-zXnK2k5F5lhbLVwHzyURPMRGc8pc1YPz8fYXmz1pf/JG/EgXGGuUlczkpzegBUb9MctFgZbs09xIkTkVBQZmNw==}
    dependencies:
      '@ckeditor/ckeditor5-core': 42.0.2
      '@ckeditor/ckeditor5-ui': 42.0.2
      '@ckeditor/ckeditor5-widget': 42.0.2
      ckeditor5: 42.0.2
    dev: false

  /@ckeditor/ckeditor5-html-embed@42.0.2:
    resolution: {integrity: sha512-aqCV9vQJd6KiYsTEW6UlWtyMTZgXI2oHK7/1p8WUagabHU1ZFT+jkExC8QG9n0M76Sq9TIynqBlfl4OOijT6NQ==}
    dependencies:
      '@ckeditor/ckeditor5-core': 42.0.2
      '@ckeditor/ckeditor5-ui': 42.0.2
      '@ckeditor/ckeditor5-utils': 42.0.2
      '@ckeditor/ckeditor5-widget': 42.0.2
      ckeditor5: 42.0.2
    dev: false

  /@ckeditor/ckeditor5-html-support@42.0.2:
    resolution: {integrity: sha512-z+Tg/jOf9+wzCo/NywkuHPGfOnKHfSr0hvkGjrq8b2OU9B1nJI34VTjJWSFH5NfLpn3tZo2dy3EcaoN9B7rSHA==}
    dependencies:
      '@ckeditor/ckeditor5-core': 42.0.2
      '@ckeditor/ckeditor5-engine': 42.0.2
      '@ckeditor/ckeditor5-enter': 42.0.2
      '@ckeditor/ckeditor5-utils': 42.0.2
      '@ckeditor/ckeditor5-widget': 42.0.2
      ckeditor5: 42.0.2
      lodash-es: 4.17.21
    dev: false

  /@ckeditor/ckeditor5-image@42.0.2:
    resolution: {integrity: sha512-RH1r10rsnEFSBNBXe3d02J6JDvoLKxwz/KCvC/EoOR4UEKDe0FNodt3+VZrb0JNqkBUIxqdtvEobXb6YmGQaDQ==}
    dependencies:
      '@ckeditor/ckeditor5-clipboard': 42.0.2
      '@ckeditor/ckeditor5-core': 42.0.2
      '@ckeditor/ckeditor5-engine': 42.0.2
      '@ckeditor/ckeditor5-typing': 42.0.2
      '@ckeditor/ckeditor5-ui': 42.0.2
      '@ckeditor/ckeditor5-undo': 42.0.2
      '@ckeditor/ckeditor5-upload': 42.0.2
      '@ckeditor/ckeditor5-utils': 42.0.2
      '@ckeditor/ckeditor5-widget': 42.0.2
      ckeditor5: 42.0.2
      lodash-es: 4.17.21
    dev: false

  /@ckeditor/ckeditor5-indent@42.0.2:
    resolution: {integrity: sha512-qXVXqvflW8kKa7odjiSTrQtj75C5opmnGUyrM+37f7CC8OmrcjXJ5GgrFnKwHyny9YHtvQyyN+GCuzuir6a9eA==}
    dependencies:
      '@ckeditor/ckeditor5-core': 42.0.2
      '@ckeditor/ckeditor5-engine': 42.0.2
      '@ckeditor/ckeditor5-ui': 42.0.2
      '@ckeditor/ckeditor5-utils': 42.0.2
      ckeditor5: 42.0.2
    dev: false

  /@ckeditor/ckeditor5-language@42.0.2:
    resolution: {integrity: sha512-s0pMdNxuE+kBCFiop5Lgv/UsYAYLKCENesMXVIRrxI73GRjwJXIq5f/5a7xwvfmH3/TQT5GMrfNmf5EeYo5NHA==}
    dependencies:
      '@ckeditor/ckeditor5-core': 42.0.2
      '@ckeditor/ckeditor5-ui': 42.0.2
      '@ckeditor/ckeditor5-utils': 42.0.2
      ckeditor5: 42.0.2
    dev: false

  /@ckeditor/ckeditor5-link@42.0.2:
    resolution: {integrity: sha512-KySX11v1RyimZyc4u3AF6a/bEvA3gQg/krRsrzBbMIadtC1WN/C7w7XzjmYvx8Ui0SsH/ChBu16SxmRKO4HuTA==}
    dependencies:
      '@ckeditor/ckeditor5-clipboard': 42.0.2
      '@ckeditor/ckeditor5-core': 42.0.2
      '@ckeditor/ckeditor5-engine': 42.0.2
      '@ckeditor/ckeditor5-typing': 42.0.2
      '@ckeditor/ckeditor5-ui': 42.0.2
      '@ckeditor/ckeditor5-utils': 42.0.2
      '@ckeditor/ckeditor5-widget': 42.0.2
      ckeditor5: 42.0.2
      lodash-es: 4.17.21
    dev: false

  /@ckeditor/ckeditor5-list@42.0.2:
    resolution: {integrity: sha512-NTNDb01QDyjDZis8nyOsvgSNwy6YniulGDZdyeulhmFy6zyHG0GFeYA0kAyW6/bnniWyW9cpfUrAK9KTLuql4A==}
    dependencies:
      '@ckeditor/ckeditor5-clipboard': 42.0.2
      '@ckeditor/ckeditor5-core': 42.0.2
      '@ckeditor/ckeditor5-engine': 42.0.2
      '@ckeditor/ckeditor5-enter': 42.0.2
      '@ckeditor/ckeditor5-typing': 42.0.2
      '@ckeditor/ckeditor5-ui': 42.0.2
      '@ckeditor/ckeditor5-utils': 42.0.2
      ckeditor5: 42.0.2
    dev: false

  /@ckeditor/ckeditor5-markdown-gfm@42.0.2:
    resolution: {integrity: sha512-mh81YHQqVF0ZVSgd7hbO3EzuM78zIhwwZiiVsJ68e4aCfpYjc3Ni1NpyORj+tian743PmFr7WAUqIePdNPmQEg==}
    dependencies:
      '@ckeditor/ckeditor5-clipboard': 42.0.2
      '@ckeditor/ckeditor5-core': 42.0.2
      '@ckeditor/ckeditor5-engine': 42.0.2
      ckeditor5: 42.0.2
      marked: 4.0.12
      turndown: 7.2.0
      turndown-plugin-gfm: 1.0.2
    dev: false

  /@ckeditor/ckeditor5-media-embed@42.0.2:
    resolution: {integrity: sha512-iXGcfgOm0IWa600ln5YeSssg7Sew6Lf1z9ziTxsQsmforPIqXgZQEvdLoo0tABddSRQZI+yQZnRnwrus9sZXIA==}
    dependencies:
      '@ckeditor/ckeditor5-clipboard': 42.0.2
      '@ckeditor/ckeditor5-core': 42.0.2
      '@ckeditor/ckeditor5-engine': 42.0.2
      '@ckeditor/ckeditor5-typing': 42.0.2
      '@ckeditor/ckeditor5-ui': 42.0.2
      '@ckeditor/ckeditor5-undo': 42.0.2
      '@ckeditor/ckeditor5-utils': 42.0.2
      '@ckeditor/ckeditor5-widget': 42.0.2
      ckeditor5: 42.0.2
    dev: false

  /@ckeditor/ckeditor5-mention@42.0.2:
    resolution: {integrity: sha512-81MYULfB7bHDb5Y7saIZMkNVG1BJV/ir5BwIDuuXwGXLNVX++uMTK4ryAItYToiSFN8/NBms7JFXPrRhL/zbOw==}
    dependencies:
      '@ckeditor/ckeditor5-core': 42.0.2
      '@ckeditor/ckeditor5-typing': 42.0.2
      '@ckeditor/ckeditor5-ui': 42.0.2
      '@ckeditor/ckeditor5-utils': 42.0.2
      ckeditor5: 42.0.2
      lodash-es: 4.17.21
    dev: false

  /@ckeditor/ckeditor5-minimap@42.0.2:
    resolution: {integrity: sha512-dOBT6bS/7tREFmpRCD4XwOEmoW4p7ZV1Pp3tA/KYQ++2BAgI/O/Yeww7nlhsKhal4r74v459hgihI/SnlfqBQA==}
    dependencies:
      '@ckeditor/ckeditor5-core': 42.0.2
      '@ckeditor/ckeditor5-engine': 42.0.2
      '@ckeditor/ckeditor5-ui': 42.0.2
      '@ckeditor/ckeditor5-utils': 42.0.2
      ckeditor5: 42.0.2
    dev: false

  /@ckeditor/ckeditor5-page-break@42.0.2:
    resolution: {integrity: sha512-h6Wb0fWsl4a0MyU8W3F4Yku/1CWnR6tQrcMapn0sHB9W/HAvHLQIJGdsYh+a1W6QzMIjpVAqjT4mxQ1rU86RkQ==}
    dependencies:
      '@ckeditor/ckeditor5-core': 42.0.2
      '@ckeditor/ckeditor5-ui': 42.0.2
      '@ckeditor/ckeditor5-widget': 42.0.2
      ckeditor5: 42.0.2
    dev: false

  /@ckeditor/ckeditor5-paragraph@42.0.2:
    resolution: {integrity: sha512-feI7Rw76uPbPmoFeVEPpKdPTOjdlccpWabhfrimgT08rECLa7ErFw2oRZVmnx5+kjX+NAUeD9kaUZUUkNNP0wg==}
    dependencies:
      '@ckeditor/ckeditor5-core': 42.0.2
      '@ckeditor/ckeditor5-ui': 42.0.2
      '@ckeditor/ckeditor5-utils': 42.0.2
    dev: false

  /@ckeditor/ckeditor5-paste-from-office@42.0.2:
    resolution: {integrity: sha512-9K54E44rEjvLqWKRRHeifOlb1bICKzzX8gOv/i90sFQfMeQphA6qEn3WJZNQY4NY9Uwhu3kF/gh3/dqlcBhsvw==}
    dependencies:
      '@ckeditor/ckeditor5-clipboard': 42.0.2
      '@ckeditor/ckeditor5-core': 42.0.2
      '@ckeditor/ckeditor5-engine': 42.0.2
      ckeditor5: 42.0.2
    dev: false

  /@ckeditor/ckeditor5-remove-format@42.0.2:
    resolution: {integrity: sha512-YIyKibU44Jt6P9qu3WGPjUUh/pb5dvexeE1XG6f5JNtVlZCy3sUI+BDytzqWI68/coOHBKYkKSDOEQdzw83PdA==}
    dependencies:
      '@ckeditor/ckeditor5-core': 42.0.2
      '@ckeditor/ckeditor5-ui': 42.0.2
      '@ckeditor/ckeditor5-utils': 42.0.2
      ckeditor5: 42.0.2
    dev: false

  /@ckeditor/ckeditor5-restricted-editing@42.0.2:
    resolution: {integrity: sha512-tfnEE6ieR2UhjZ9zoDNfXIMAMy2FWoajASKffdtpTMBjkVKzM+isg8j0hEkWgiQqCsJYVWt0314nPZrm5EUIfA==}
    dependencies:
      '@ckeditor/ckeditor5-core': 42.0.2
      '@ckeditor/ckeditor5-engine': 42.0.2
      '@ckeditor/ckeditor5-ui': 42.0.2
      '@ckeditor/ckeditor5-utils': 42.0.2
      ckeditor5: 42.0.2
    dev: false

  /@ckeditor/ckeditor5-select-all@42.0.2:
    resolution: {integrity: sha512-eqLhxmsxDQ8s+Op4f0OoXbN9vwz0hekE1HxsClXIsqwhjsO2o/HYcyhIzR9lPgmi4bVf8uy8T9oyWQNRLv4S9w==}
    dependencies:
      '@ckeditor/ckeditor5-core': 42.0.2
      '@ckeditor/ckeditor5-ui': 42.0.2
      '@ckeditor/ckeditor5-utils': 42.0.2
    dev: false

  /@ckeditor/ckeditor5-show-blocks@42.0.2:
    resolution: {integrity: sha512-CFYJN3gyiWwJ1mDonzIktRL/A+WONZuyCptELqlU51RRCwbG7eSMtu2Eyd+Q463zYbOKZcdr5uNvlWuRpSsalw==}
    dependencies:
      '@ckeditor/ckeditor5-core': 42.0.2
      '@ckeditor/ckeditor5-ui': 42.0.2
      ckeditor5: 42.0.2
    dev: false

  /@ckeditor/ckeditor5-source-editing@42.0.2:
    resolution: {integrity: sha512-lo/ZmBeAoWu9j0qfuUVIpc2QzZmcrYZ2enloz2mL22DCn3eP8IstE7gSmZlQ/DQxcPC5Sf2uC0l9IurBAP9+pg==}
    dependencies:
      '@ckeditor/ckeditor5-core': 42.0.2
      '@ckeditor/ckeditor5-theme-lark': 42.0.2
      '@ckeditor/ckeditor5-ui': 42.0.2
      '@ckeditor/ckeditor5-utils': 42.0.2
      ckeditor5: 42.0.2
    dev: false

  /@ckeditor/ckeditor5-special-characters@42.0.2:
    resolution: {integrity: sha512-B2E9thXW0Ej1istiResH6987g+REnX18aoxW4uXG+PHDrYWjsV4fClEnjWdkO/O0A3yOoNc4LYAbGSo7z0g/1g==}
    dependencies:
      '@ckeditor/ckeditor5-core': 42.0.2
      '@ckeditor/ckeditor5-typing': 42.0.2
      '@ckeditor/ckeditor5-ui': 42.0.2
      '@ckeditor/ckeditor5-utils': 42.0.2
      ckeditor5: 42.0.2
    dev: false

  /@ckeditor/ckeditor5-style@42.0.2:
    resolution: {integrity: sha512-vq1GSeOtZm00W4FC6MgqukJbdDE394Sh7ID6634gKmdknbxOBvNcF0XUdAu+kWtJzTjYVrC4+oPYpS5C+odidQ==}
    dependencies:
      '@ckeditor/ckeditor5-core': 42.0.2
      '@ckeditor/ckeditor5-typing': 42.0.2
      '@ckeditor/ckeditor5-ui': 42.0.2
      '@ckeditor/ckeditor5-utils': 42.0.2
      ckeditor5: 42.0.2
      lodash-es: 4.17.21
    dev: false

  /@ckeditor/ckeditor5-table@42.0.2:
    resolution: {integrity: sha512-fFMXbQCa7UR4aAmwVkKzDcRmKCd2YwE1iNLeGWJz7tz1c+hGeadej0aHgUxBw+hHu6DhS9AyvtwmNweQpc3PnQ==}
    dependencies:
      '@ckeditor/ckeditor5-clipboard': 42.0.2
      '@ckeditor/ckeditor5-core': 42.0.2
      '@ckeditor/ckeditor5-engine': 42.0.2
      '@ckeditor/ckeditor5-ui': 42.0.2
      '@ckeditor/ckeditor5-utils': 42.0.2
      '@ckeditor/ckeditor5-widget': 42.0.2
      ckeditor5: 42.0.2
      lodash-es: 4.17.21
    dev: false

  /@ckeditor/ckeditor5-theme-lark@42.0.2:
    resolution: {integrity: sha512-t+/JVtK+lWzfLywsZX7eE8tfyBSnsaTsxeo84ZbSU9M1Vts5FN/5JExiY89VjsT8m84VAufbG+fDGjQpiYzsyg==}
    dependencies:
      '@ckeditor/ckeditor5-ui': 42.0.2
    dev: false

  /@ckeditor/ckeditor5-typing@42.0.2:
    resolution: {integrity: sha512-xwGazKjCJOQViGnk/Q0yVg98mc0aDJHvx6FsCFRF6e7B8WiMq8rPQjfO63TYOnUSOIkQJerbAv+hrsBS8XdxaQ==}
    dependencies:
      '@ckeditor/ckeditor5-core': 42.0.2
      '@ckeditor/ckeditor5-engine': 42.0.2
      '@ckeditor/ckeditor5-utils': 42.0.2
      lodash-es: 4.17.21
    dev: false

  /@ckeditor/ckeditor5-ui@42.0.2:
    resolution: {integrity: sha512-Lrej61+xTTqIJSlA9FfqwpEClVoRabM3na8MDiWjAzneQkPgFtw1WTgUKvxNaI+eMXCmT/HVNj/RCg9vqt0pug==}
    dependencies:
      '@ckeditor/ckeditor5-core': 42.0.2
      '@ckeditor/ckeditor5-utils': 42.0.2
      color-convert: 2.0.1
      color-parse: 1.4.2
      lodash-es: 4.17.21
      vanilla-colorful: 0.7.2
    dev: false

  /@ckeditor/ckeditor5-undo@42.0.2:
    resolution: {integrity: sha512-OpfdYnADY2MM8nWN5M13BEDDnwL15YHUYUpgMnydgJObZzSnePqgWQSFaBAY5j24eze0a8gyGgnOE5jV6VBm1Q==}
    dependencies:
      '@ckeditor/ckeditor5-core': 42.0.2
      '@ckeditor/ckeditor5-engine': 42.0.2
      '@ckeditor/ckeditor5-ui': 42.0.2
    dev: false

  /@ckeditor/ckeditor5-upload@42.0.2:
    resolution: {integrity: sha512-QD6PR1ZurGQv0gULG4hNiaFMO306qM9Gin2BbICkZuJ+IFKd7nQ+mp7ZCbgPgRYtSkeUyHjSzNR4+wIA2nPVEg==}
    dependencies:
      '@ckeditor/ckeditor5-core': 42.0.2
      '@ckeditor/ckeditor5-utils': 42.0.2
    dev: false

  /@ckeditor/ckeditor5-utils@42.0.2:
    resolution: {integrity: sha512-z4lNVoVf4cyK6cugMABNgMtYDiIK+0eQwYFtr45DhPK283RWEqrU0xwbwoqhIqeXRQ6B+9+0nC7ZIFPEdQ+iDA==}
    dependencies:
      lodash-es: 4.17.21
    dev: false

  /@ckeditor/ckeditor5-watchdog@42.0.2:
    resolution: {integrity: sha512-0z00yqbBt/JALAD8C62LNySitQ+wBw1My43Qe2xs5VAP5tUZcziFFCc4BhMy+w6ZWUmZj2hkjSLlmx7b/vid+A==}
    dependencies:
      lodash-es: 4.17.21
    dev: false

  /@ckeditor/ckeditor5-widget@42.0.2:
    resolution: {integrity: sha512-ZRI8H+Ir7YpByUO4/kKMNJJE5WUDoICl1BitSR9QKmkG7X2fBRdDG8setm4HsUU1kkPe0aYy6HK2ajZ2g5ZkaA==}
    dependencies:
      '@ckeditor/ckeditor5-core': 42.0.2
      '@ckeditor/ckeditor5-engine': 42.0.2
      '@ckeditor/ckeditor5-enter': 42.0.2
      '@ckeditor/ckeditor5-typing': 42.0.2
      '@ckeditor/ckeditor5-ui': 42.0.2
      '@ckeditor/ckeditor5-utils': 42.0.2
      lodash-es: 4.17.21
    dev: false

  /@ckeditor/ckeditor5-word-count@42.0.2:
    resolution: {integrity: sha512-jtlyA6TXnnRpaTgvYG219z5p+MRZWUBz3r5oHa79lFcMDREZH6gKztiE+hYSmiL2OSAtHi0kYWUAF/oJfpHt3g==}
    dependencies:
      '@ckeditor/ckeditor5-core': 42.0.2
      '@ckeditor/ckeditor5-ui': 42.0.2
      '@ckeditor/ckeditor5-utils': 42.0.2
      ckeditor5: 42.0.2
      lodash-es: 4.17.21
    dev: false

  /@esbuild/aix-ppc64@0.21.5:
    resolution: {integrity: sha512-1SDgH6ZSPTlggy1yI6+Dbkiz8xzpHJEVAlF/AM1tHPLsf5STom9rwtjE4hKAF20FfXXNTFqEYXyJNWh1GiZedQ==}
    engines: {node: '>=12'}
    cpu: [ppc64]
    os: [aix]
    requiresBuild: true
    dev: true
    optional: true

  /@esbuild/android-arm64@0.21.5:
    resolution: {integrity: sha512-c0uX9VAUBQ7dTDCjq+wdyGLowMdtR/GoC2U5IYk/7D1H1JYC0qseD7+11iMP2mRLN9RcCMRcjC4YMclCzGwS/A==}
    engines: {node: '>=12'}
    cpu: [arm64]
    os: [android]
    requiresBuild: true
    dev: true
    optional: true

  /@esbuild/android-arm@0.21.5:
    resolution: {integrity: sha512-vCPvzSjpPHEi1siZdlvAlsPxXl7WbOVUBBAowWug4rJHb68Ox8KualB+1ocNvT5fjv6wpkX6o/iEpbDrf68zcg==}
    engines: {node: '>=12'}
    cpu: [arm]
    os: [android]
    requiresBuild: true
    dev: true
    optional: true

  /@esbuild/android-x64@0.21.5:
    resolution: {integrity: sha512-D7aPRUUNHRBwHxzxRvp856rjUHRFW1SdQATKXH2hqA0kAZb1hKmi02OpYRacl0TxIGz/ZmXWlbZgjwWYaCakTA==}
    engines: {node: '>=12'}
    cpu: [x64]
    os: [android]
    requiresBuild: true
    dev: true
    optional: true

  /@esbuild/darwin-arm64@0.21.5:
    resolution: {integrity: sha512-DwqXqZyuk5AiWWf3UfLiRDJ5EDd49zg6O9wclZ7kUMv2WRFr4HKjXp/5t8JZ11QbQfUS6/cRCKGwYhtNAY88kQ==}
    engines: {node: '>=12'}
    cpu: [arm64]
    os: [darwin]
    requiresBuild: true
    dev: true
    optional: true

  /@esbuild/darwin-x64@0.21.5:
    resolution: {integrity: sha512-se/JjF8NlmKVG4kNIuyWMV/22ZaerB+qaSi5MdrXtd6R08kvs2qCN4C09miupktDitvh8jRFflwGFBQcxZRjbw==}
    engines: {node: '>=12'}
    cpu: [x64]
    os: [darwin]
    requiresBuild: true
    dev: true
    optional: true

  /@esbuild/freebsd-arm64@0.21.5:
    resolution: {integrity: sha512-5JcRxxRDUJLX8JXp/wcBCy3pENnCgBR9bN6JsY4OmhfUtIHe3ZW0mawA7+RDAcMLrMIZaf03NlQiX9DGyB8h4g==}
    engines: {node: '>=12'}
    cpu: [arm64]
    os: [freebsd]
    requiresBuild: true
    dev: true
    optional: true

  /@esbuild/freebsd-x64@0.21.5:
    resolution: {integrity: sha512-J95kNBj1zkbMXtHVH29bBriQygMXqoVQOQYA+ISs0/2l3T9/kj42ow2mpqerRBxDJnmkUDCaQT/dfNXWX/ZZCQ==}
    engines: {node: '>=12'}
    cpu: [x64]
    os: [freebsd]
    requiresBuild: true
    dev: true
    optional: true

  /@esbuild/linux-arm64@0.21.5:
    resolution: {integrity: sha512-ibKvmyYzKsBeX8d8I7MH/TMfWDXBF3db4qM6sy+7re0YXya+K1cem3on9XgdT2EQGMu4hQyZhan7TeQ8XkGp4Q==}
    engines: {node: '>=12'}
    cpu: [arm64]
    os: [linux]
    requiresBuild: true
    dev: true
    optional: true

  /@esbuild/linux-arm@0.21.5:
    resolution: {integrity: sha512-bPb5AHZtbeNGjCKVZ9UGqGwo8EUu4cLq68E95A53KlxAPRmUyYv2D6F0uUI65XisGOL1hBP5mTronbgo+0bFcA==}
    engines: {node: '>=12'}
    cpu: [arm]
    os: [linux]
    requiresBuild: true
    dev: true
    optional: true

  /@esbuild/linux-ia32@0.21.5:
    resolution: {integrity: sha512-YvjXDqLRqPDl2dvRODYmmhz4rPeVKYvppfGYKSNGdyZkA01046pLWyRKKI3ax8fbJoK5QbxblURkwK/MWY18Tg==}
    engines: {node: '>=12'}
    cpu: [ia32]
    os: [linux]
    requiresBuild: true
    dev: true
    optional: true

  /@esbuild/linux-loong64@0.21.5:
    resolution: {integrity: sha512-uHf1BmMG8qEvzdrzAqg2SIG/02+4/DHB6a9Kbya0XDvwDEKCoC8ZRWI5JJvNdUjtciBGFQ5PuBlpEOXQj+JQSg==}
    engines: {node: '>=12'}
    cpu: [loong64]
    os: [linux]
    requiresBuild: true
    dev: true
    optional: true

  /@esbuild/linux-mips64el@0.21.5:
    resolution: {integrity: sha512-IajOmO+KJK23bj52dFSNCMsz1QP1DqM6cwLUv3W1QwyxkyIWecfafnI555fvSGqEKwjMXVLokcV5ygHW5b3Jbg==}
    engines: {node: '>=12'}
    cpu: [mips64el]
    os: [linux]
    requiresBuild: true
    dev: true
    optional: true

  /@esbuild/linux-ppc64@0.21.5:
    resolution: {integrity: sha512-1hHV/Z4OEfMwpLO8rp7CvlhBDnjsC3CttJXIhBi+5Aj5r+MBvy4egg7wCbe//hSsT+RvDAG7s81tAvpL2XAE4w==}
    engines: {node: '>=12'}
    cpu: [ppc64]
    os: [linux]
    requiresBuild: true
    dev: true
    optional: true

  /@esbuild/linux-riscv64@0.21.5:
    resolution: {integrity: sha512-2HdXDMd9GMgTGrPWnJzP2ALSokE/0O5HhTUvWIbD3YdjME8JwvSCnNGBnTThKGEB91OZhzrJ4qIIxk/SBmyDDA==}
    engines: {node: '>=12'}
    cpu: [riscv64]
    os: [linux]
    requiresBuild: true
    dev: true
    optional: true

  /@esbuild/linux-s390x@0.21.5:
    resolution: {integrity: sha512-zus5sxzqBJD3eXxwvjN1yQkRepANgxE9lgOW2qLnmr8ikMTphkjgXu1HR01K4FJg8h1kEEDAqDcZQtbrRnB41A==}
    engines: {node: '>=12'}
    cpu: [s390x]
    os: [linux]
    requiresBuild: true
    dev: true
    optional: true

  /@esbuild/linux-x64@0.21.5:
    resolution: {integrity: sha512-1rYdTpyv03iycF1+BhzrzQJCdOuAOtaqHTWJZCWvijKD2N5Xu0TtVC8/+1faWqcP9iBCWOmjmhoH94dH82BxPQ==}
    engines: {node: '>=12'}
    cpu: [x64]
    os: [linux]
    requiresBuild: true
    dev: true
    optional: true

  /@esbuild/netbsd-x64@0.21.5:
    resolution: {integrity: sha512-Woi2MXzXjMULccIwMnLciyZH4nCIMpWQAs049KEeMvOcNADVxo0UBIQPfSmxB3CWKedngg7sWZdLvLczpe0tLg==}
    engines: {node: '>=12'}
    cpu: [x64]
    os: [netbsd]
    requiresBuild: true
    dev: true
    optional: true

  /@esbuild/openbsd-x64@0.21.5:
    resolution: {integrity: sha512-HLNNw99xsvx12lFBUwoT8EVCsSvRNDVxNpjZ7bPn947b8gJPzeHWyNVhFsaerc0n3TsbOINvRP2byTZ5LKezow==}
    engines: {node: '>=12'}
    cpu: [x64]
    os: [openbsd]
    requiresBuild: true
    dev: true
    optional: true

  /@esbuild/sunos-x64@0.21.5:
    resolution: {integrity: sha512-6+gjmFpfy0BHU5Tpptkuh8+uw3mnrvgs+dSPQXQOv3ekbordwnzTVEb4qnIvQcYXq6gzkyTnoZ9dZG+D4garKg==}
    engines: {node: '>=12'}
    cpu: [x64]
    os: [sunos]
    requiresBuild: true
    dev: true
    optional: true

  /@esbuild/win32-arm64@0.21.5:
    resolution: {integrity: sha512-Z0gOTd75VvXqyq7nsl93zwahcTROgqvuAcYDUr+vOv8uHhNSKROyU961kgtCD1e95IqPKSQKH7tBTslnS3tA8A==}
    engines: {node: '>=12'}
    cpu: [arm64]
    os: [win32]
    requiresBuild: true
    dev: true
    optional: true

  /@esbuild/win32-ia32@0.21.5:
    resolution: {integrity: sha512-SWXFF1CL2RVNMaVs+BBClwtfZSvDgtL//G/smwAc5oVK/UPu2Gu9tIaRgFmYFFKrmg3SyAjSrElf0TiJ1v8fYA==}
    engines: {node: '>=12'}
    cpu: [ia32]
    os: [win32]
    requiresBuild: true
    dev: true
    optional: true

  /@esbuild/win32-x64@0.21.5:
    resolution: {integrity: sha512-tQd/1efJuzPC6rCFwEvLtci/xNFcTZknmXs98FYDfGE4wP9ClFV98nyKrzJKVPMhdDnjzLhdUyMX4PsQAPjwIw==}
    engines: {node: '>=12'}
    cpu: [x64]
    os: [win32]
    requiresBuild: true
    dev: true
    optional: true

  /@mixmark-io/domino@2.2.0:
    resolution: {integrity: sha512-Y28PR25bHXUg88kCV7nivXrP2Nj2RueZ3/l/jdx6J9f8J4nsEGcgX0Qe6lt7Pa+J79+kPiJU3LguR6O/6zrLOw==}
    dev: false

  /@popperjs/core@2.11.8:
    resolution: {integrity: sha512-P1st0aksCrn9sGZhp8GMYwBnQsbvAWsZAX44oXNNvLHGqAOcoVxmjZiohstwQ7SqKnbR47akdNi+uleWD8+g6A==}
    dev: true

  /@rollup/rollup-android-arm-eabi@4.21.0:
    resolution: {integrity: sha512-WTWD8PfoSAJ+qL87lE7votj3syLavxunWhzCnx3XFxFiI/BA/r3X7MUM8dVrH8rb2r4AiO8jJsr3ZjdaftmnfA==}
    cpu: [arm]
    os: [android]
    requiresBuild: true
    dev: true
    optional: true

  /@rollup/rollup-android-arm64@4.21.0:
    resolution: {integrity: sha512-a1sR2zSK1B4eYkiZu17ZUZhmUQcKjk2/j9Me2IDjk1GHW7LB5Z35LEzj9iJch6gtUfsnvZs1ZNyDW2oZSThrkA==}
    cpu: [arm64]
    os: [android]
    requiresBuild: true
    dev: true
    optional: true

  /@rollup/rollup-darwin-arm64@4.21.0:
    resolution: {integrity: sha512-zOnKWLgDld/svhKO5PD9ozmL6roy5OQ5T4ThvdYZLpiOhEGY+dp2NwUmxK0Ld91LrbjrvtNAE0ERBwjqhZTRAA==}
    cpu: [arm64]
    os: [darwin]
    requiresBuild: true
    dev: true
    optional: true

  /@rollup/rollup-darwin-x64@4.21.0:
    resolution: {integrity: sha512-7doS8br0xAkg48SKE2QNtMSFPFUlRdw9+votl27MvT46vo44ATBmdZdGysOevNELmZlfd+NEa0UYOA8f01WSrg==}
    cpu: [x64]
    os: [darwin]
    requiresBuild: true
    dev: true
    optional: true

  /@rollup/rollup-linux-arm-gnueabihf@4.21.0:
    resolution: {integrity: sha512-pWJsfQjNWNGsoCq53KjMtwdJDmh/6NubwQcz52aEwLEuvx08bzcy6tOUuawAOncPnxz/3siRtd8hiQ32G1y8VA==}
    cpu: [arm]
    os: [linux]
    requiresBuild: true
    dev: true
    optional: true

  /@rollup/rollup-linux-arm-musleabihf@4.21.0:
    resolution: {integrity: sha512-efRIANsz3UHZrnZXuEvxS9LoCOWMGD1rweciD6uJQIx2myN3a8Im1FafZBzh7zk1RJ6oKcR16dU3UPldaKd83w==}
    cpu: [arm]
    os: [linux]
    requiresBuild: true
    dev: true
    optional: true

  /@rollup/rollup-linux-arm64-gnu@4.21.0:
    resolution: {integrity: sha512-ZrPhydkTVhyeGTW94WJ8pnl1uroqVHM3j3hjdquwAcWnmivjAwOYjTEAuEDeJvGX7xv3Z9GAvrBkEzCgHq9U1w==}
    cpu: [arm64]
    os: [linux]
    requiresBuild: true
    dev: true
    optional: true

  /@rollup/rollup-linux-arm64-musl@4.21.0:
    resolution: {integrity: sha512-cfaupqd+UEFeURmqNP2eEvXqgbSox/LHOyN9/d2pSdV8xTrjdg3NgOFJCtc1vQ/jEke1qD0IejbBfxleBPHnPw==}
    cpu: [arm64]
    os: [linux]
    requiresBuild: true
    dev: true
    optional: true

  /@rollup/rollup-linux-powerpc64le-gnu@4.21.0:
    resolution: {integrity: sha512-ZKPan1/RvAhrUylwBXC9t7B2hXdpb/ufeu22pG2psV7RN8roOfGurEghw1ySmX/CmDDHNTDDjY3lo9hRlgtaHg==}
    cpu: [ppc64]
    os: [linux]
    requiresBuild: true
    dev: true
    optional: true

  /@rollup/rollup-linux-riscv64-gnu@4.21.0:
    resolution: {integrity: sha512-H1eRaCwd5E8eS8leiS+o/NqMdljkcb1d6r2h4fKSsCXQilLKArq6WS7XBLDu80Yz+nMqHVFDquwcVrQmGr28rg==}
    cpu: [riscv64]
    os: [linux]
    requiresBuild: true
    dev: true
    optional: true

  /@rollup/rollup-linux-s390x-gnu@4.21.0:
    resolution: {integrity: sha512-zJ4hA+3b5tu8u7L58CCSI0A9N1vkfwPhWd/puGXwtZlsB5bTkwDNW/+JCU84+3QYmKpLi+XvHdmrlwUwDA6kqw==}
    cpu: [s390x]
    os: [linux]
    requiresBuild: true
    dev: true
    optional: true

  /@rollup/rollup-linux-x64-gnu@4.21.0:
    resolution: {integrity: sha512-e2hrvElFIh6kW/UNBQK/kzqMNY5mO+67YtEh9OA65RM5IJXYTWiXjX6fjIiPaqOkBthYF1EqgiZ6OXKcQsM0hg==}
    cpu: [x64]
    os: [linux]
    requiresBuild: true
    dev: true
    optional: true

  /@rollup/rollup-linux-x64-musl@4.21.0:
    resolution: {integrity: sha512-1vvmgDdUSebVGXWX2lIcgRebqfQSff0hMEkLJyakQ9JQUbLDkEaMsPTLOmyccyC6IJ/l3FZuJbmrBw/u0A0uCQ==}
    cpu: [x64]
    os: [linux]
    requiresBuild: true
    dev: true
    optional: true

  /@rollup/rollup-win32-arm64-msvc@4.21.0:
    resolution: {integrity: sha512-s5oFkZ/hFcrlAyBTONFY1TWndfyre1wOMwU+6KCpm/iatybvrRgmZVM+vCFwxmC5ZhdlgfE0N4XorsDpi7/4XQ==}
    cpu: [arm64]
    os: [win32]
    requiresBuild: true
    dev: true
    optional: true

  /@rollup/rollup-win32-ia32-msvc@4.21.0:
    resolution: {integrity: sha512-G9+TEqRnAA6nbpqyUqgTiopmnfgnMkR3kMukFBDsiyy23LZvUCpiUwjTRx6ezYCjJODXrh52rBR9oXvm+Fp5wg==}
    cpu: [ia32]
    os: [win32]
    requiresBuild: true
    dev: true
    optional: true

  /@rollup/rollup-win32-x64-msvc@4.21.0:
    resolution: {integrity: sha512-2jsCDZwtQvRhejHLfZ1JY6w6kEuEtfF9nzYsZxzSlNVKDX+DpsDJ+Rbjkm74nvg2rdx0gwBS+IMdvwJuq3S9pQ==}
    cpu: [x64]
    os: [win32]
    requiresBuild: true
    dev: true
    optional: true

  /@types/estree@1.0.5:
    resolution: {integrity: sha512-/kYRxGDLWzHOB7q+wtSUQlFrtcdUccpfy+X+9iMBpHK8QLLhx2wIPYuS5DYtR9Wa/YlZAbIovy7qVdB1Aq6Lyw==}
    dev: true

  /anymatch@3.1.3:
    resolution: {integrity: sha512-KMReFUr0B4t+D+OBkjR3KYqvocp2XaSzO55UcB6mgQMd3KbcE+mWTyvVV7D/zsdEbNnV6acZUutkiHQXvTr1Rw==}
    engines: {node: '>= 8'}
    dependencies:
      normalize-path: 3.0.0
      picomatch: 2.3.1
    dev: true

  /asynckit@0.4.0:
    resolution: {integrity: sha512-Oei9OH4tRh0YqU3GxhX79dM/mwVgvbZJaSNaRk+bshkj0S5cfHcgYakreBjrHwatXKbz+IoIdYLxrKim2MjW0Q==}
    dev: true

  /axios@1.7.5:
    resolution: {integrity: sha512-fZu86yCo+svH3uqJ/yTdQ0QHpQu5oL+/QE+QPSv6BZSkDAoky9vytxp7u5qk83OJFS3kEBcesWni9WTZAv3tSw==}
    dependencies:
      follow-redirects: 1.15.6
      form-data: 4.0.0
      proxy-from-env: 1.1.0
    transitivePeerDependencies:
      - debug
    dev: true

  /binary-extensions@2.3.0:
    resolution: {integrity: sha512-Ceh+7ox5qe7LJuLHoY0feh3pHuUDHAcRUeyL2VYghZwfpkNIy/+8Ocg0a3UuSoYzavmylwuLWQOf3hl0jjMMIw==}
    engines: {node: '>=8'}
    dev: true

  /blurhash@2.0.5:
    resolution: {integrity: sha512-cRygWd7kGBQO3VEhPiTgq4Wc43ctsM+o46urrmPOiuAe+07fzlSB9OJVdpgDL0jPqXUVQ9ht7aq7kxOeJHRK+w==}
    dev: false

  /bootstrap@5.3.3(@popperjs/core@2.11.8):
    resolution: {integrity: sha512-8HLCdWgyoMguSO9o+aH+iuZ+aht+mzW0u3HIMzVu7Srrpv7EBBxTnrFlSCskwdY1+EOFQSm7uMJhNQHkdPcmjg==}
    peerDependencies:
      '@popperjs/core': ^2.11.8
    dependencies:
      '@popperjs/core': 2.11.8
    dev: true

  /braces@3.0.3:
    resolution: {integrity: sha512-yQbXgO/OSZVD2IsiLlro+7Hf6Q18EJrKSEsdoMzKePKXct3gvD8oLcOQdIzGupr5Fj+EDe8gO/lxc1BzfMpxvA==}
    engines: {node: '>=8'}
    dependencies:
      fill-range: 7.1.1
    dev: true

  /chokidar@3.6.0:
    resolution: {integrity: sha512-7VT13fmjotKpGipCW9JEQAusEPE+Ei8nl6/g4FBAmIm0GOOLMua9NDDo/DWp0ZAxCr3cPq5ZpBqmPAQgDda2Pw==}
    engines: {node: '>= 8.10.0'}
    dependencies:
      anymatch: 3.1.3
      braces: 3.0.3
      glob-parent: 5.1.2
      is-binary-path: 2.1.0
      is-glob: 4.0.3
      normalize-path: 3.0.0
      readdirp: 3.6.0
    optionalDependencies:
      fsevents: 2.3.3
    dev: true

  /ckeditor5@42.0.2:
    resolution: {integrity: sha512-SHyyJ6y/+2Mas3SMlVchsq1i9LYqF7J7EMwEUKAt+sIXBW9pbBnLVncXpIpGTQ/M8fS20NVk7dfJ2P4TyEZGew==}
    dependencies:
      '@ckeditor/ckeditor5-adapter-ckfinder': 42.0.2
      '@ckeditor/ckeditor5-alignment': 42.0.2
      '@ckeditor/ckeditor5-autoformat': 42.0.2
      '@ckeditor/ckeditor5-autosave': 42.0.2
      '@ckeditor/ckeditor5-basic-styles': 42.0.2
      '@ckeditor/ckeditor5-block-quote': 42.0.2
      '@ckeditor/ckeditor5-ckbox': 42.0.2
      '@ckeditor/ckeditor5-ckfinder': 42.0.2
      '@ckeditor/ckeditor5-clipboard': 42.0.2
      '@ckeditor/ckeditor5-cloud-services': 42.0.2
      '@ckeditor/ckeditor5-code-block': 42.0.2
      '@ckeditor/ckeditor5-core': 42.0.2
      '@ckeditor/ckeditor5-easy-image': 42.0.2
      '@ckeditor/ckeditor5-editor-balloon': 42.0.2
      '@ckeditor/ckeditor5-editor-classic': 42.0.2
      '@ckeditor/ckeditor5-editor-decoupled': 42.0.2
      '@ckeditor/ckeditor5-editor-inline': 42.0.2
      '@ckeditor/ckeditor5-editor-multi-root': 42.0.2
      '@ckeditor/ckeditor5-engine': 42.0.2
      '@ckeditor/ckeditor5-enter': 42.0.2
      '@ckeditor/ckeditor5-essentials': 42.0.2
      '@ckeditor/ckeditor5-find-and-replace': 42.0.2
      '@ckeditor/ckeditor5-font': 42.0.2
      '@ckeditor/ckeditor5-heading': 42.0.2
      '@ckeditor/ckeditor5-highlight': 42.0.2
      '@ckeditor/ckeditor5-horizontal-line': 42.0.2
      '@ckeditor/ckeditor5-html-embed': 42.0.2
      '@ckeditor/ckeditor5-html-support': 42.0.2
      '@ckeditor/ckeditor5-image': 42.0.2
      '@ckeditor/ckeditor5-indent': 42.0.2
      '@ckeditor/ckeditor5-language': 42.0.2
      '@ckeditor/ckeditor5-link': 42.0.2
      '@ckeditor/ckeditor5-list': 42.0.2
      '@ckeditor/ckeditor5-markdown-gfm': 42.0.2
      '@ckeditor/ckeditor5-media-embed': 42.0.2
      '@ckeditor/ckeditor5-mention': 42.0.2
      '@ckeditor/ckeditor5-minimap': 42.0.2
      '@ckeditor/ckeditor5-page-break': 42.0.2
      '@ckeditor/ckeditor5-paragraph': 42.0.2
      '@ckeditor/ckeditor5-paste-from-office': 42.0.2
      '@ckeditor/ckeditor5-remove-format': 42.0.2
      '@ckeditor/ckeditor5-restricted-editing': 42.0.2
      '@ckeditor/ckeditor5-select-all': 42.0.2
      '@ckeditor/ckeditor5-show-blocks': 42.0.2
      '@ckeditor/ckeditor5-source-editing': 42.0.2
      '@ckeditor/ckeditor5-special-characters': 42.0.2
      '@ckeditor/ckeditor5-style': 42.0.2
      '@ckeditor/ckeditor5-table': 42.0.2
      '@ckeditor/ckeditor5-theme-lark': 42.0.2
      '@ckeditor/ckeditor5-typing': 42.0.2
      '@ckeditor/ckeditor5-ui': 42.0.2
      '@ckeditor/ckeditor5-undo': 42.0.2
      '@ckeditor/ckeditor5-upload': 42.0.2
      '@ckeditor/ckeditor5-utils': 42.0.2
      '@ckeditor/ckeditor5-watchdog': 42.0.2
      '@ckeditor/ckeditor5-widget': 42.0.2
      '@ckeditor/ckeditor5-word-count': 42.0.2
    dev: false

  /color-convert@2.0.1:
    resolution: {integrity: sha512-RRECPsj7iu/xb5oKYcsFHSppFNnsj/52OVTRKb4zP5onXwVF3zVmmToNcOfGC+CRDpfK/U584fMg38ZHCaElKQ==}
    engines: {node: '>=7.0.0'}
    dependencies:
      color-name: 1.1.4
    dev: false

  /color-name@1.1.4:
    resolution: {integrity: sha512-dOy+3AuW3a2wNbZHIuMZpTcgjGuLU/uBL/ubcZF9OXbDo8ff4O8yVp5Bf0efS8uEoYo5q4Fx7dY9OgQGXgAsQA==}
    dev: false

  /color-parse@1.4.2:
    resolution: {integrity: sha512-RI7s49/8yqDj3fECFZjUI1Yi0z/Gq1py43oNJivAIIDSyJiOZLfYCRQEgn8HEVAj++PcRe8AnL2XF0fRJ3BTnA==}
    dependencies:
      color-name: 1.1.4
    dev: false

  /combined-stream@1.0.8:
    resolution: {integrity: sha512-FQN4MRfuJeHf7cBbBMJFXhKSDq+2kAArBlmRBvcvFE5BB1HZKXtSFASDhdlz9zOYwxh8lDdnvmMOe/+5cdoEdg==}
    engines: {node: '>= 0.8'}
    dependencies:
      delayed-stream: 1.0.0
    dev: true

  /delayed-stream@1.0.0:
    resolution: {integrity: sha512-ZySD7Nf91aLB0RxL4KGrKHBXl7Eds1DAmEdcoVawXnLD7SDhpNgtuII2aAkg7a7QS41jxPSZ17p4VdGnMHk3MQ==}
    engines: {node: '>=0.4.0'}
    dev: true

  /esbuild@0.21.5:
    resolution: {integrity: sha512-mg3OPMV4hXywwpoDxu3Qda5xCKQi+vCTZq8S9J/EpkhB2HzKXq4SNFZE3+NK93JYxc8VMSep+lOUSC/RVKaBqw==}
    engines: {node: '>=12'}
    hasBin: true
    requiresBuild: true
    optionalDependencies:
      '@esbuild/aix-ppc64': 0.21.5
      '@esbuild/android-arm': 0.21.5
      '@esbuild/android-arm64': 0.21.5
      '@esbuild/android-x64': 0.21.5
      '@esbuild/darwin-arm64': 0.21.5
      '@esbuild/darwin-x64': 0.21.5
      '@esbuild/freebsd-arm64': 0.21.5
      '@esbuild/freebsd-x64': 0.21.5
      '@esbuild/linux-arm': 0.21.5
      '@esbuild/linux-arm64': 0.21.5
      '@esbuild/linux-ia32': 0.21.5
      '@esbuild/linux-loong64': 0.21.5
      '@esbuild/linux-mips64el': 0.21.5
      '@esbuild/linux-ppc64': 0.21.5
      '@esbuild/linux-riscv64': 0.21.5
      '@esbuild/linux-s390x': 0.21.5
      '@esbuild/linux-x64': 0.21.5
      '@esbuild/netbsd-x64': 0.21.5
      '@esbuild/openbsd-x64': 0.21.5
      '@esbuild/sunos-x64': 0.21.5
      '@esbuild/win32-arm64': 0.21.5
      '@esbuild/win32-ia32': 0.21.5
      '@esbuild/win32-x64': 0.21.5
    dev: true

  /fill-range@7.1.1:
    resolution: {integrity: sha512-YsGpe3WHLK8ZYi4tWDg2Jy3ebRz2rXowDxnld4bkQB00cc/1Zw9AWnC0i9ztDJitivtQvaI9KaLyKrc+hBW0yg==}
    engines: {node: '>=8'}
    dependencies:
      to-regex-range: 5.0.1
    dev: true

  /follow-redirects@1.15.6:
    resolution: {integrity: sha512-wWN62YITEaOpSK584EZXJafH1AGpO8RVgElfkuXbTOrPX4fIfOyEpW/CsiNd8JdYrAoOvafRTOEnvsO++qCqFA==}
    engines: {node: '>=4.0'}
    peerDependencies:
      debug: '*'
    peerDependenciesMeta:
      debug:
        optional: true
    dev: true

  /form-data@4.0.0:
    resolution: {integrity: sha512-ETEklSGi5t0QMZuiXoA/Q6vcnxcLQP5vdugSpuAyi6SVGi2clPPp+xgEhuMaHC+zGgn31Kd235W35f7Hykkaww==}
    engines: {node: '>= 6'}
    dependencies:
      asynckit: 0.4.0
      combined-stream: 1.0.8
      mime-types: 2.1.35
    dev: true

  /fsevents@2.3.3:
    resolution: {integrity: sha512-5xoDfX+fL7faATnagmWPpbFtwh/R77WmMMqqHGS65C3vvB0YHrgF+B1YmZ3441tMj5n63k0212XNoJwzlhffQw==}
    engines: {node: ^8.16.0 || ^10.6.0 || >=11.0.0}
    os: [darwin]
    requiresBuild: true
    dev: true
    optional: true

  /glob-parent@5.1.2:
    resolution: {integrity: sha512-AOIgSQCepiJYwP3ARnGx+5VnTu2HBYdzbGP45eLw1vr3zB3vZLeyed1sC9hnbcOc9/SrMyM5RPQrkGz4aS9Zow==}
    engines: {node: '>= 6'}
    dependencies:
      is-glob: 4.0.3
    dev: true

  /immutable@4.3.7:
    resolution: {integrity: sha512-1hqclzwYwjRDFLjcFxOM5AYkkG0rpFPpr1RLPMEuGczoS7YA8gLhy8SWXYRAA/XwfEHpfo3cw5JGioS32fnMRw==}
    dev: true

  /is-binary-path@2.1.0:
    resolution: {integrity: sha512-ZMERYes6pDydyuGidse7OsHxtbI7WVeUEozgR/g7rd0xUimYNlvZRE/K2MgZTjWy725IfelLeVcEM97mmtRGXw==}
    engines: {node: '>=8'}
    dependencies:
      binary-extensions: 2.3.0
    dev: true

  /is-extglob@2.1.1:
    resolution: {integrity: sha512-SbKbANkN603Vi4jEZv49LeVJMn4yGwsbzZworEoyEiutsN3nJYdbO36zfhGJ6QEDpOZIFkDtnq5JRxmvl3jsoQ==}
    engines: {node: '>=0.10.0'}
    dev: true

  /is-glob@4.0.3:
    resolution: {integrity: sha512-xelSayHH36ZgE7ZWhli7pW34hNbNl8Ojv5KVmkJD4hBdD3th8Tfk9vYasLM+mXWOZhFkgZfxhLSnrwRr4elSSg==}
    engines: {node: '>=0.10.0'}
    dependencies:
      is-extglob: 2.1.1
    dev: true

  /is-number@7.0.0:
    resolution: {integrity: sha512-41Cifkg6e8TylSpdtTpeLVMqvSBEVzTttHvERD741+pnZ8ANv0004MRL43QKPDlK9cGvNp6NZWZUBlbGXYxxng==}
    engines: {node: '>=0.12.0'}
    dev: true

  /laravel-vite-plugin@1.0.5(vite@5.4.2):
    resolution: {integrity: sha512-Zv+to82YLBknDCZ6g3iwOv9wZ7f6EWStb9pjSm7MGe9Mfoy5ynT2ssZbGsMr1udU6rDg9HOoYEVGw5Qf+p9zbw==}
    engines: {node: ^18.0.0 || >=20.0.0}
    hasBin: true
    peerDependencies:
      vite: ^5.0.0
    dependencies:
      picocolors: 1.0.1
      vite: 5.4.2(sass@1.77.8)
      vite-plugin-full-reload: 1.2.0
    dev: true

  /lodash-es@4.17.21:
    resolution: {integrity: sha512-mKnC+QJ9pWVzv+C4/U3rRsHapFfHvQFoFB92e52xeyGMcX6/OlIl78je1u8vePzYZSkkogMPJ2yjxxsb89cxyw==}
    dev: false

  /lodash@4.17.21:
    resolution: {integrity: sha512-v2kDEe57lecTulaDIuNTPy3Ry4gLGJ6Z1O3vE1krgXZNrsQ+LFTGHVxVjcXPs17LhbZVGedAJv8XZ1tvj5FvSg==}
    dev: false

  /marked@4.0.12:
    resolution: {integrity: sha512-hgibXWrEDNBWgGiK18j/4lkS6ihTe9sxtV4Q1OQppb/0zzyPSzoFANBa5MfsG/zgsWklmNnhm0XACZOH/0HBiQ==}
    engines: {node: '>= 12'}
    hasBin: true
    dev: false

  /mime-db@1.52.0:
    resolution: {integrity: sha512-sPU4uV7dYlvtWJxwwxHD0PuihVNiE7TyAbQ5SWxDCB9mUYvOgroQOwYQQOKPJ8CIbE+1ETVlOoK1UC2nU3gYvg==}
    engines: {node: '>= 0.6'}
    dev: true

  /mime-types@2.1.35:
    resolution: {integrity: sha512-ZDY+bPm5zTTF+YpCrAU9nK0UgICYPT0QtT1NZWFv4s++TNkcgVaT0g6+4R2uI4MjQjzysHB1zxuWL50hzaeXiw==}
    engines: {node: '>= 0.6'}
    dependencies:
      mime-db: 1.52.0
    dev: true

  /nanoid@3.3.7:
    resolution: {integrity: sha512-eSRppjcPIatRIMC1U6UngP8XFcz8MQWGQdt1MTBQ7NaAmvXDfvNxbvWV3x2y6CdEUciCSsDHDQZbhYaB8QEo2g==}
    engines: {node: ^10 || ^12 || ^13.7 || ^14 || >=15.0.1}
    hasBin: true
    dev: true

  /normalize-path@3.0.0:
    resolution: {integrity: sha512-6eZs5Ls3WtCisHWp9S2GUy8dqkpGi4BVSz3GaqiE6ezub0512ESztXUwUB6C6IKbQkY2Pnb/mD4WYojCRwcwLA==}
    engines: {node: '>=0.10.0'}
    dev: true

  /picocolors@1.0.1:
    resolution: {integrity: sha512-anP1Z8qwhkbmu7MFP5iTt+wQKXgwzf7zTyGlcdzabySa9vd0Xt392U0rVmz9poOaBj0uHJKyyo9/upk0HrEQew==}
    dev: true

  /picomatch@2.3.1:
    resolution: {integrity: sha512-JU3teHTNjmE2VCGFzuY8EXzCDVwEqB2a8fsIvwaStHhAWJEeVd1o1QD80CU6+ZdEXXSLbSsuLwJjkCBWqRQUVA==}
    engines: {node: '>=8.6'}
    dev: true

  /postcss@8.4.41:
    resolution: {integrity: sha512-TesUflQ0WKZqAvg52PWL6kHgLKP6xB6heTOdoYM0Wt2UHyxNa4K25EZZMgKns3BH1RLVbZCREPpLY0rhnNoHVQ==}
    engines: {node: ^10 || ^12 || >=14}
    dependencies:
      nanoid: 3.3.7
      picocolors: 1.0.1
      source-map-js: 1.2.0
    dev: true

  /proxy-from-env@1.1.0:
    resolution: {integrity: sha512-D+zkORCbA9f1tdWRK0RaCR3GPv50cMxcrz4X8k5LTSUD1Dkw47mKJEZQNunItRTkWwgtaUSo1RVFRIG9ZXiFYg==}
    dev: true

  /readdirp@3.6.0:
    resolution: {integrity: sha512-hOS089on8RduqdbhvQ5Z37A0ESjsqz6qnRcffsMU3495FuTdqSm+7bhJ29JvIOsBDEEnan5DPu9t3To9VRlMzA==}
    engines: {node: '>=8.10.0'}
    dependencies:
      picomatch: 2.3.1
    dev: true

  /rollup@4.21.0:
    resolution: {integrity: sha512-vo+S/lfA2lMS7rZ2Qoubi6I5hwZwzXeUIctILZLbHI+laNtvhhOIon2S1JksA5UEDQ7l3vberd0fxK44lTYjbQ==}
    engines: {node: '>=18.0.0', npm: '>=8.0.0'}
    hasBin: true
    dependencies:
      '@types/estree': 1.0.5
    optionalDependencies:
      '@rollup/rollup-android-arm-eabi': 4.21.0
      '@rollup/rollup-android-arm64': 4.21.0
      '@rollup/rollup-darwin-arm64': 4.21.0
      '@rollup/rollup-darwin-x64': 4.21.0
      '@rollup/rollup-linux-arm-gnueabihf': 4.21.0
      '@rollup/rollup-linux-arm-musleabihf': 4.21.0
      '@rollup/rollup-linux-arm64-gnu': 4.21.0
      '@rollup/rollup-linux-arm64-musl': 4.21.0
      '@rollup/rollup-linux-powerpc64le-gnu': 4.21.0
      '@rollup/rollup-linux-riscv64-gnu': 4.21.0
      '@rollup/rollup-linux-s390x-gnu': 4.21.0
      '@rollup/rollup-linux-x64-gnu': 4.21.0
      '@rollup/rollup-linux-x64-musl': 4.21.0
      '@rollup/rollup-win32-arm64-msvc': 4.21.0
      '@rollup/rollup-win32-ia32-msvc': 4.21.0
      '@rollup/rollup-win32-x64-msvc': 4.21.0
      fsevents: 2.3.3
    dev: true

  /sass@1.77.8:
    resolution: {integrity: sha512-4UHg6prsrycW20fqLGPShtEvo/WyHRVRHwOP4DzkUrObWoWI05QBSfzU71TVB7PFaL104TwNaHpjlWXAZbQiNQ==}
    engines: {node: '>=14.0.0'}
    hasBin: true
    dependencies:
      chokidar: 3.6.0
      immutable: 4.3.7
      source-map-js: 1.2.0
    dev: true

  /source-map-js@1.2.0:
    resolution: {integrity: sha512-itJW8lvSA0TXEphiRoawsCksnlf8SyvmFzIhltqAHluXd88pkCd+cXJVHTDwdCr0IzwptSm035IHQktUu1QUMg==}
    engines: {node: '>=0.10.0'}
    dev: true

  /to-regex-range@5.0.1:
    resolution: {integrity: sha512-65P7iz6X5yEr1cwcgvQxbbIw7Uk3gOy5dIdtZ4rDveLqhrdJP+Li/Hx6tyK0NEb+2GCyneCMJiGqrADCSNk8sQ==}
    engines: {node: '>=8.0'}
    dependencies:
      is-number: 7.0.0
    dev: true

  /turndown-plugin-gfm@1.0.2:
    resolution: {integrity: sha512-vwz9tfvF7XN/jE0dGoBei3FXWuvll78ohzCZQuOb+ZjWrs3a0XhQVomJEb2Qh4VHTPNRO4GPZh0V7VRbiWwkRg==}
    dev: false

  /turndown@7.2.0:
    resolution: {integrity: sha512-eCZGBN4nNNqM9Owkv9HAtWRYfLA4h909E/WGAWWBpmB275ehNhZyk87/Tpvjbp0jjNl9XwCsbe6bm6CqFsgD+A==}
    dependencies:
      '@mixmark-io/domino': 2.2.0
    dev: false

  /vanilla-colorful@0.7.2:
    resolution: {integrity: sha512-z2YZusTFC6KnLERx1cgoIRX2CjPRP0W75N+3CC6gbvdX5Ch47rZkEMGO2Xnf+IEmi3RiFLxS18gayMA27iU7Kg==}
    dev: false

  /vite-plugin-full-reload@1.2.0:
    resolution: {integrity: sha512-kz18NW79x0IHbxRSHm0jttP4zoO9P9gXh+n6UTwlNKnviTTEpOlum6oS9SmecrTtSr+muHEn5TUuC75UovQzcA==}
    dependencies:
      picocolors: 1.0.1
      picomatch: 2.3.1
    dev: true

  /vite@5.4.2(sass@1.77.8):
    resolution: {integrity: sha512-dDrQTRHp5C1fTFzcSaMxjk6vdpKvT+2/mIdE07Gw2ykehT49O0z/VHS3zZ8iV/Gh8BJJKHWOe5RjaNrW5xf/GA==}
    engines: {node: ^18.0.0 || >=20.0.0}
    hasBin: true
    peerDependencies:
      '@types/node': ^18.0.0 || >=20.0.0
      less: '*'
      lightningcss: ^1.21.0
      sass: '*'
      sass-embedded: '*'
      stylus: '*'
      sugarss: '*'
      terser: ^5.4.0
    peerDependenciesMeta:
      '@types/node':
        optional: true
      less:
        optional: true
      lightningcss:
        optional: true
      sass:
        optional: true
      sass-embedded:
        optional: true
      stylus:
        optional: true
      sugarss:
        optional: true
      terser:
        optional: true
    dependencies:
      esbuild: 0.21.5
      postcss: 8.4.41
      rollup: 4.21.0
      sass: 1.77.8
    optionalDependencies:
      fsevents: 2.3.3
    dev: true
